
Microsoft Visual Studio Solution File, Format Version 12.00
# Visual Studio Version 17
VisualStudioVersion = 17.8.34322.80
MinimumVisualStudioVersion = 10.0.40219.1
Project("{FAE04EC0-301F-11D3-BF4B-00C04F79EFBC}") = "AzFunc1", "AzFunc1\AzFunc1.csproj", "{013FBC15-7C07-407D-9E3D-2060A53FF7EF}"
EndProject
Global
	GlobalSection(SolutionConfigurationPlatforms) = preSolution
		Debug|Any CPU = Debug|Any CPU
		Release|Any CPU = Release|Any CPU
	EndGlobalSection
	GlobalSection(ProjectConfigurationPlatforms) = postSolution
		{013FBC15-7C07-407D-9E3D-2060A53FF7EF}.Debug|Any CPU.ActiveCfg = Debug|Any CPU
		{013FBC15-7C07-407D-9E3D-2060A53FF7EF}.Debug|Any CPU.Build.0 = Debug|Any CPU
		{013FBC15-7C07-407D-9E3D-2060A53FF7EF}.Release|Any CPU.ActiveCfg = Release|Any CPU
		{013FBC15-7C07-407D-9E3D-2060A53FF7EF}.Release|Any CPU.Build.0 = Release|Any CPU
	EndGlobalSection
	GlobalSection(SolutionProperties) = preSolution
		HideSolutionNode = FALSE
	EndGlobalSection
	GlobalSection(ExtensibilityGlobals) = postSolution
		SolutionGuid = {7E876130-0FF9-49CA-B3D9-72AEA5CB7309}
	EndGlobalSection
EndGlobal
